{
  "name": "african-healthcare-platform",
  "version": "0.1.0",
  "lockfileVersion": 3,
  "requires": true,
  "packages": {
    "": {
      "name": "african-healthcare-platform",
      "version": "0.1.0",
      "workspaces": [
        "backend/gateway/api-gateway",
        "backend/services/*",
        "frontend/web",
        "frontend/mobile",
        "frontend/ussd"
      ]
    },
    "backend/gateway/api-gateway": {
      "name": "@african-healthcare/api-gateway",
      "version": "0.1.0"
    },
    "backend/services/appointment-service": {
      "name": "@african-healthcare/appointment-service",
      "version": "0.1.0"
    },
    "backend/services/cost-estimation-service": {
      "name": "@african-healthcare/cost-estimation-service",
      "version": "0.1.0"
    },
    "backend/services/ehr-service": {
      "name": "@african-healthcare/ehr-service",
      "version": "0.1.0"
    },
    "backend/services/facility-matching-service": {
      "name": "@african-healthcare/facility-matching-service",
      "version": "0.1.0"
    },
    "backend/services/notification-service": {
      "name": "@african-healthcare/notification-service",
      "version": "0.1.0"
    },
    "backend/services/telemedicine-service": {
      "name": "@african-healthcare/telemedicine-service",
      "version": "0.1.0"
    },
    "backend/services/triage-service": {
      "name": "@african-healthcare/triage-service",
      "version": "0.1.0"
    },
    "frontend/mobile": {
      "name": "@african-healthcare/mobile",
      "version": "0.1.0"
    },
    "frontend/ussd": {
      "name": "@african-healthcare/ussd",
      "version": "0.1.0"
    },
    "frontend/web": {
      "name": "@african-healthcare/web",
      "version": "0.1.0"
    },
    "node_modules/@african-healthcare/api-gateway": {
      "resolved": "backend/gateway/api-gateway",
      "link": true
    },
    "node_modules/@african-healthcare/appointment-service": {
      "resolved": "backend/services/appointment-service",
      "link": true
    },
    "node_modules/@african-healthcare/cost-estimation-service": {
      "resolved": "backend/services/cost-estimation-service",
      "link": true
    },
    "node_modules/@african-healthcare/ehr-service": {
      "resolved": "backend/services/ehr-service",
      "link": true
    },
    "node_modules/@african-healthcare/facility-matching-service": {
      "resolved": "backend/services/facility-matching-service",
      "link": true
    },
    "node_modules/@african-healthcare/mobile": {
      "resolved": "frontend/mobile",
      "link": true
    },
    "node_modules/@african-healthcare/notification-service": {
      "resolved": "backend/services/notification-service",
      "link": true
    },
    "node_modules/@african-healthcare/telemedicine-service": {
      "resolved": "backend/services/telemedicine-service",
      "link": true
    },
    "node_modules/@african-healthcare/triage-service": {
      "resolved": "backend/services/triage-service",
      "link": true
    },
    "node_modules/@african-healthcare/ussd": {
      "resolved": "frontend/ussd",
      "link": true
    },
    "node_modules/@african-healthcare/web": {
      "resolved": "frontend/web",
      "link": true
    }
  }
}
